
Microsoft Visual Studio Solution File, Format Version 12.00
# Visual Studio Version 16
VisualStudioVersion = 16.0.29613.14
MinimumVisualStudioVersion = 10.0.40219.1
Project("{FAE04EC0-301F-11D3-BF4B-00C04F79EFBC}") = "2DimencialArray", "2DimencialArray\2DimencialArray.csproj", "{12577C5E-CD26-41B1-A161-84820F65C2EB}"
EndProject
Global
	GlobalSection(SolutionConfigurationPlatforms) = preSolution
		Debug|Any CPU = Debug|Any CPU
		Release|Any CPU = Release|Any CPU
	EndGlobalSection
	GlobalSection(ProjectConfigurationPlatforms) = postSolution
		{12577C5E-CD26-41B1-A161-84820F65C2EB}.Debug|Any CPU.ActiveCfg = Debug|Any CPU
		{12577C5E-CD26-41B1-A161-84820F65C2EB}.Debug|Any CPU.Build.0 = Debug|Any CPU
		{12577C5E-CD26-41B1-A161-84820F65C2EB}.Release|Any CPU.ActiveCfg = Release|Any CPU
		{12577C5E-CD26-41B1-A161-84820F65C2EB}.Release|Any CPU.Build.0 = Release|Any CPU
	EndGlobalSection
	GlobalSection(SolutionProperties) = preSolution
		HideSolutionNode = FALSE
	EndGlobalSection
	GlobalSection(ExtensibilityGlobals) = postSolution
		SolutionGuid = {C1112D9E-241D-4B5E-9988-1F963CA54083}
	EndGlobalSection
EndGlobal
